
Microsoft Visual Studio Solution File, Format Version 12.00
# Visual Studio Version 16
VisualStudioVersion = 16.0.29806.167
MinimumVisualStudioVersion = 10.0.40219.1
Project("{FAE04EC0-301F-11D3-BF4B-00C04F79EFBC}") = "ConsoleApp12", "ConsoleApp12\ConsoleApp12.csproj", "{92149C84-FE66-4F0F-BCBD-A16CAC44F2C8}"
EndProject
Global
	GlobalSection(SolutionConfigurationPlatforms) = preSolution
		Debug|Any CPU = Debug|Any CPU
		Release|Any CPU = Release|Any CPU
	EndGlobalSection
	GlobalSection(ProjectConfigurationPlatforms) = postSolution
		{92149C84-FE66-4F0F-BCBD-A16CAC44F2C8}.Debug|Any CPU.ActiveCfg = Debug|Any CPU
		{92149C84-FE66-4F0F-BCBD-A16CAC44F2C8}.Debug|Any CPU.Build.0 = Debug|Any CPU
		{92149C84-FE66-4F0F-BCBD-A16CAC44F2C8}.Release|Any CPU.ActiveCfg = Release|Any CPU
		{92149C84-FE66-4F0F-BCBD-A16CAC44F2C8}.Release|Any CPU.Build.0 = Release|Any CPU
	EndGlobalSection
	GlobalSection(SolutionProperties) = preSolution
		HideSolutionNode = FALSE
	EndGlobalSection
	GlobalSection(ExtensibilityGlobals) = postSolution
		SolutionGuid = {C062B665-B3AF-4E9F-B393-967E2C1A7A1F}
	EndGlobalSection
EndGlobal
